# THIS IS AN AUTOGENERATED FILE. DO NOT EDIT THIS FILE DIRECTLY.
# yarn lockfile v1


"@lottiefiles/react-lottie-player@^3.4.7":
  version "3.5.2"
  resolved "https://registry.yarnpkg.com/@lottiefiles/react-lottie-player/-/react-lottie-player-3.5.2.tgz#4ed1bb5b59bc200201d51dba7a75f597ce48f268"
  integrity sha512-vrvRgqXimIpM5GUzBP6aksZjCdLUGxTL3FZ+2NJzLmKkPL3xDEX7oCftqPSerFz1AXVwIur3FaZbWL+XyagXWQ==
  dependencies:
    lottie-web "^5.10.0"

"@strapi/icons@^1.3.1":
  version "1.6.3"
  resolved "https://registry.yarnpkg.com/@strapi/icons/-/icons-1.6.3.tgz#ef9987dcdd26a51702777bc94d1b98cea551f532"
  integrity sha512-Tuwo/NOw8jO+9UPIRnRHdI/y0YR6MhWsbLFJL6Q+haKwl1WhXQigXaZQJfOy0H89wRZcSesSv9gLAWqiGAhOjw==

"@urql/core@^3.0.3", "@urql/core@^3.1.1":
  version "3.1.1"
  resolved "https://registry.yarnpkg.com/@urql/core/-/core-3.1.1.tgz#a49cd572360d01f2469a786b294fba2269a65e53"
  integrity sha512-Mnxtq4I4QeFJsgs7Iytw+HyhiGxISR6qtyk66c9tipozLZ6QVxrCiUPF2HY4BxNIabaxcp+rivadvm8NAnXj4Q==
  dependencies:
    wonka "^6.1.2"

graphql@^16.6.0:
  version "16.6.0"
  resolved "https://registry.yarnpkg.com/graphql/-/graphql-16.6.0.tgz#c2dcffa4649db149f6282af726c8c83f1c7c5fdb"
  integrity sha512-KPIBPDlW7NxrbT/eh4qPXz5FiFdL5UbaA0XUNz2Rp3Z3hqBSkbj0GVjwFDztsWVauZUWsbKHgMg++sk8UX0bkw==

lottie-web@^5.10.0:
  version "5.10.2"
  resolved "https://registry.yarnpkg.com/lottie-web/-/lottie-web-5.10.2.tgz#a1c952b6734759fcd369eba73b6b7e3d9a76ce0b"
  integrity sha512-d0PFIGiwuMsJYaF4uPo+qG8dEorlI+xFI2zrrFtE1bGO4WoLIz+NjremxEq1swpR7juR10aeOtmNh3d6G3ub0A==

typescript@4.6.3:
  version "4.6.3"
  resolved "https://registry.yarnpkg.com/typescript/-/typescript-4.6.3.tgz#eefeafa6afdd31d725584c67a0eaba80f6fc6c6c"
  integrity sha512-yNIatDa5iaofVozS/uQJEl3JRWLKKGJKh6Yaiv0GLGSuhpFJe7P3SbHZ8/yjAHRQwKRoA6YZqlfjXWmVzoVSMw==

urql@^3.0.3:
  version "3.0.3"
  resolved "https://registry.yarnpkg.com/urql/-/urql-3.0.3.tgz#275631f487558354e090d9ffc4ea2030bd56c34a"
  integrity sha512-aVUAMRLdc5AOk239DxgXt6ZxTl/fEmjr7oyU5OGo8uvpqu42FkeJErzd2qBzhAQ3DyusoZIbqbBLPlnKo/yy2A==
  dependencies:
    "@urql/core" "^3.0.3"
    wonka "^6.0.0"

use-debounce@^9.0.3:
  version "9.0.3"
  resolved "https://registry.yarnpkg.com/use-debounce/-/use-debounce-9.0.3.tgz#bac660c19ab7b38662e08608fee23c7ad303f532"
  integrity sha512-FhtlbDtDXILJV7Lix5OZj5yX/fW1tzq+VrvK1fnT2bUrPOGruU9Rw8NCEn+UI9wopfERBEZAOQ8lfeCJPllgnw==

wonka@^6.0.0, wonka@^6.1.2:
  version "6.2.3"
  resolved "https://registry.yarnpkg.com/wonka/-/wonka-6.2.3.tgz#88f7852a23a3d53bca7411c70d66e9ce8f93a366"
  integrity sha512-EFOYiqDeYLXSzGYt2X3aVe9Hq1XJG+Hz/HjTRRT4dZE9q95khHl5+7pzUSXI19dbMO1/2UMrTf7JT7/7JrSQSQ==
